// !$*UTF8*$!
{
	archiveVersion = 1;
	classes = {
	};
	objectVersion = 50;
	objects = {

/* Begin PBXBuildFile section */
		AA1E2531246256BA00F7B961 /* AppDelegate.swift in Sources */ = {isa = PBXBuildFile; fileRef = AA1E2530246256BA00F7B961 /* AppDelegate.swift */; };
		AA1E2533246256BA00F7B961 /* SceneDelegate.swift in Sources */ = {isa = PBXBuildFile; fileRef = AA1E2532246256BA00F7B961 /* SceneDelegate.swift */; };
		AA1E2538246256BA00F7B961 /* Main.storyboard in Resources */ = {isa = PBXBuildFile; fileRef = AA1E2536246256BA00F7B961 /* Main.storyboard */; };
		AA1E253A246256BD00F7B961 /* Assets.xcassets in Resources */ = {isa = PBXBuildFile; fileRef = AA1E2539246256BD00F7B961 /* Assets.xcassets */; };
		AA1E253D246256BD00F7B961 /* LaunchScreen.storyboard in Resources */ = {isa = PBXBuildFile; fileRef = AA1E253B246256BD00F7B961 /* LaunchScreen.storyboard */; };
		AA1E2548246256BD00F7B961 /* CoordinatorDemoTests.swift in Sources */ = {isa = PBXBuildFile; fileRef = AA1E2547246256BD00F7B961 /* CoordinatorDemoTests.swift */; };
		AA1E2553246256D200F7B961 /* Coordinator.swift in Sources */ = {isa = PBXBuildFile; fileRef = AA1E2552246256D200F7B961 /* Coordinator.swift */; };
		AA1E25552462575D00F7B961 /* AViewController.swift in Sources */ = {isa = PBXBuildFile; fileRef = AA1E25542462575D00F7B961 /* AViewController.swift */; };
		AA1E25572462578500F7B961 /* BViewController.swift in Sources */ = {isa = PBXBuildFile; fileRef = AA1E25562462578500F7B961 /* BViewController.swift */; };
		AA1E25592462579A00F7B961 /* CViewController.swift in Sources */ = {isa = PBXBuildFile; fileRef = AA1E25582462579A00F7B961 /* CViewController.swift */; };
		AA1E255B2463A5AA00F7B961 /* MyCoordinator.swift in Sources */ = {isa = PBXBuildFile; fileRef = AA1E255A2463A5AA00F7B961 /* MyCoordinator.swift */; };
/* End PBXBuildFile section */

/* Begin PBXContainerItemProxy section */
		AA1E2544246256BD00F7B961 /* PBXContainerItemProxy */ = {
			isa = PBXContainerItemProxy;
			containerPortal = AA1E2525246256BA00F7B961 /* Project object */;
			proxyType = 1;
			remoteGlobalIDString = AA1E252C246256BA00F7B961;
			remoteInfo = CoordinatorDemo;
		};
/* End PBXContainerItemProxy section */

/* Begin PBXFileReference section */
		AA1E252D246256BA00F7B961 /* CoordinatorDemo.app */ = {isa = PBXFileReference; explicitFileType = wrapper.application; includeInIndex = 0; path = CoordinatorDemo.app; sourceTree = BUILT_PRODUCTS_DIR; };
		AA1E2530246256BA00F7B961 /* AppDelegate.swift */ = {isa = PBXFileReference; lastKnownFileType = sourcecode.swift; path = AppDelegate.swift; sourceTree = "<group>"; };
		AA1E2532246256BA00F7B961 /* SceneDelegate.swift */ = {isa = PBXFileReference; lastKnownFileType = sourcecode.swift; path = SceneDelegate.swift; sourceTree = "<group>"; };
		AA1E2537246256BA00F7B961 /* Base */ = {isa = PBXFileReference; lastKnownFileType = file.storyboard; name = Base; path = Base.lproj/Main.storyboard; sourceTree = "<group>"; };
		AA1E2539246256BD00F7B961 /* Assets.xcassets */ = {isa = PBXFileReference; lastKnownFileType = folder.assetcatalog; path = Assets.xcassets; sourceTree = "<group>"; };
		AA1E253C246256BD00F7B961 /* Base */ = {isa = PBXFileReference; lastKnownFileType = file.storyboard; name = Base; path = Base.lproj/LaunchScreen.storyboard; sourceTree = "<group>"; };
		AA1E253E246256BD00F7B961 /* Info.plist */ = {isa = PBXFileReference; lastKnownFileType = text.plist.xml; path = Info.plist; sourceTree = "<group>"; };
		AA1E2543246256BD00F7B961 /* CoordinatorDemoTests.xctest */ = {isa = PBXFileReference; explicitFileType = wrapper.cfbundle; includeInIndex = 0; path = CoordinatorDemoTests.xctest; sourceTree = BUILT_PRODUCTS_DIR; };
		AA1E2547246256BD00F7B961 /* CoordinatorDemoTests.swift */ = {isa = PBXFileReference; lastKnownFileType = sourcecode.swift; path = CoordinatorDemoTests.swift; sourceTree = "<group>"; };
		AA1E2549246256BD00F7B961 /* Info.plist */ = {isa = PBXFileReference; lastKnownFileType = text.plist.xml; path = Info.plist; sourceTree = "<group>"; };
		AA1E2552246256D200F7B961 /* Coordinator.swift */ = {isa = PBXFileReference; lastKnownFileType = sourcecode.swift; path = Coordinator.swift; sourceTree = "<group>"; };
		AA1E25542462575D00F7B961 /* AViewController.swift */ = {isa = PBXFileReference; lastKnownFileType = sourcecode.swift; path = AViewController.swift; sourceTree = "<group>"; };
		AA1E25562462578500F7B961 /* BViewController.swift */ = {isa = PBXFileReference; lastKnownFileType = sourcecode.swift; path = BViewController.swift; sourceTree = "<group>"; };
		AA1E25582462579A00F7B961 /* CViewController.swift */ = {isa = PBXFileReference; lastKnownFileType = sourcecode.swift; path = CViewController.swift; sourceTree = "<group>"; };
		AA1E255A2463A5AA00F7B961 /* MyCoordinator.swift */ = {isa = PBXFileReference; lastKnownFileType = sourcecode.swift; path = MyCoordinator.swift; sourceTree = "<group>"; };
/* End PBXFileReference section */

/* Begin PBXFrameworksBuildPhase section */
		AA1E252A246256BA00F7B961 /* Frameworks */ = {
			isa = PBXFrameworksBuildPhase;
			buildActionMask = 2147483647;
			files = (
			);
			runOnlyForDeploymentPostprocessing = 0;
		};
		AA1E2540246256BD00F7B961 /* Frameworks */ = {
			isa = PBXFrameworksBuildPhase;
			buildActionMask = 2147483647;
			files = (
			);
			runOnlyForDeploymentPostprocessing = 0;
		};
/* End PBXFrameworksBuildPhase section */

/* Begin PBXGroup section */
		AA1E2524246256BA00F7B961 = {
			isa = PBXGroup;
			children = (
				AA1E252F246256BA00F7B961 /* CoordinatorDemo */,
				AA1E2546246256BD00F7B961 /* CoordinatorDemoTests */,
				AA1E252E246256BA00F7B961 /* Products */,
			);
			sourceTree = "<group>";
		};
		AA1E252E246256BA00F7B961 /* Products */ = {
			isa = PBXGroup;
			children = (
				AA1E252D246256BA00F7B961 /* CoordinatorDemo.app */,
				AA1E2543246256BD00F7B961 /* CoordinatorDemoTests.xctest */,
			);
			name = Products;
			sourceTree = "<group>";
		};
		AA1E252F246256BA00F7B961 /* CoordinatorDemo */ = {
			isa = PBXGroup;
			children = (
				AA1E2530246256BA00F7B961 /* AppDelegate.swift */,
				AA1E2532246256BA00F7B961 /* SceneDelegate.swift */,
				AA1E25542462575D00F7B961 /* AViewController.swift */,
				AA1E25562462578500F7B961 /* BViewController.swift */,
				AA1E25582462579A00F7B961 /* CViewController.swift */,
				AA1E2552246256D200F7B961 /* Coordinator.swift */,
				AA1E255A2463A5AA00F7B961 /* MyCoordinator.swift */,
				AA1E2536246256BA00F7B961 /* Main.storyboard */,
				AA1E2539246256BD00F7B961 /* Assets.xcassets */,
				AA1E253B246256BD00F7B961 /* LaunchScreen.storyboard */,
				AA1E253E246256BD00F7B961 /* Info.plist */,
			);
			path = CoordinatorDemo;
			sourceTree = "<group>";
		};
		AA1E2546246256BD00F7B961 /* CoordinatorDemoTests */ = {
			isa = PBXGroup;
			children = (
				AA1E2547246256BD00F7B961 /* CoordinatorDemoTests.swift */,
				AA1E2549246256BD00F7B961 /* Info.plist */,
			);
			path = CoordinatorDemoTests;
			sourceTree = "<group>";
		};
/* End PBXGroup section */

/* Begin PBXNativeTarget section */
		AA1E252C246256BA00F7B961 /* CoordinatorDemo */ = {
			isa = PBXNativeTarget;
			buildConfigurationList = AA1E254C246256BD00F7B961 /* Build configuration list for PBXNativeTarget "CoordinatorDemo" */;
			buildPhases = (
				AA1E2529246256BA00F7B961 /* Sources */,
				AA1E252A246256BA00F7B961 /* Frameworks */,
				AA1E252B246256BA00F7B961 /* Resources */,
			);
			buildRules = (
			);
			dependencies = (
			);
			name = CoordinatorDemo;
			productName = CoordinatorDemo;
			productReference = AA1E252D246256BA00F7B961 /* CoordinatorDemo.app */;
			productType = "com.apple.product-type.application";
		};
		AA1E2542246256BD00F7B961 /* CoordinatorDemoTests */ = {
			isa = PBXNativeTarget;
			buildConfigurationList = AA1E254F246256BD00F7B961 /* Build configuration list for PBXNativeTarget "CoordinatorDemoTests" */;
			buildPhases = (
				AA1E253F246256BD00F7B961 /* Sources */,
				AA1E2540246256BD00F7B961 /* Frameworks */,
				AA1E2541246256BD00F7B961 /* Resources */,
			);
			buildRules = (
			);
			dependencies = (
				AA1E2545246256BD00F7B961 /* PBXTargetDependency */,
			);
			name = CoordinatorDemoTests;
			productName = CoordinatorDemoTests;
			productReference = AA1E2543246256BD00F7B961 /* CoordinatorDemoTests.xctest */;
			productType = "com.apple.product-type.bundle.unit-test";
		};
/* End PBXNativeTarget section */

/* Begin PBXProject section */
		AA1E2525246256BA00F7B961 /* Project object */ = {
			isa = PBXProject;
			attributes = {
				LastSwiftUpdateCheck = 1140;
				LastUpgradeCheck = 1140;
				ORGANIZATIONNAME = "Steve Kohls";
				TargetAttributes = {
					AA1E252C246256BA00F7B961 = {
						CreatedOnToolsVersion = 11.4.1;
					};
					AA1E2542246256BD00F7B961 = {
						CreatedOnToolsVersion = 11.4.1;
						TestTargetID = AA1E252C246256BA00F7B961;
					};
				};
			};
			buildConfigurationList = AA1E2528246256BA00F7B961 /* Build configuration list for PBXProject "CoordinatorDemo" */;
			compatibilityVersion = "Xcode 9.3";
			developmentRegion = en;
			hasScannedForEncodings = 0;
			knownRegions = (
				en,
				Base,
			);
			mainGroup = AA1E2524246256BA00F7B961;
			productRefGroup = AA1E252E246256BA00F7B961 /* Products */;
			projectDirPath = "";
			projectRoot = "";
			targets = (
				AA1E252C246256BA00F7B961 /* CoordinatorDemo */,
				AA1E2542246256BD00F7B961 /* CoordinatorDemoTests */,
			);
		};
/* End PBXProject section */

/* Begin PBXResourcesBuildPhase section */
		AA1E252B246256BA00F7B961 /* Resources */ = {
			isa = PBXResourcesBuildPhase;
			buildActionMask = 2147483647;
			files = (
				AA1E253D246256BD00F7B961 /* LaunchScreen.storyboard in Resources */,
				AA1E253A246256BD00F7B961 /* Assets.xcassets in Resources */,
				AA1E2538246256BA00F7B961 /* Main.storyboard in Resources */,
			);
			runOnlyForDeploymentPostprocessing = 0;
		};
		AA1E2541246256BD00F7B961 /* Resources */ = {
			isa = PBXResourcesBuildPhase;
			buildActionMask = 2147483647;
			files = (
			);
			runOnlyForDeploymentPostprocessing = 0;
		};
/* End PBXResourcesBuildPhase section */

/* Begin PBXSourcesBuildPhase section */
		AA1E2529246256BA00F7B961 /* Sources */ = {
			isa = PBXSourcesBuildPhase;
			buildActionMask = 2147483647;
			files = (
				AA1E255B2463A5AA00F7B961 /* MyCoordinator.swift in Sources */,
				AA1E2553246256D200F7B961 /* Coordinator.swift in Sources */,
				AA1E25572462578500F7B961 /* BViewController.swift in Sources */,
				AA1E25592462579A00F7B961 /* CViewController.swift in Sources */,
				AA1E2531246256BA00F7B961 /* AppDelegate.swift in Sources */,
				AA1E2533246256BA00F7B961 /* SceneDelegate.swift in Sources */,
				AA1E25552462575D00F7B961 /* AViewController.swift in Sources */,
			);
			runOnlyForDeploymentPostprocessing = 0;
		};
		AA1E253F246256BD00F7B961 /* Sources */ = {
			isa = PBXSourcesBuildPhase;
			buildActionMask = 2147483647;
			files = (
				AA1E2548246256BD00F7B961 /* CoordinatorDemoTests.swift in Sources */,
			);
			runOnlyForDeploymentPostprocessing = 0;
		};
/* End PBXSourcesBuildPhase section */

/* Begin PBXTargetDependency section */
		AA1E2545246256BD00F7B961 /* PBXTargetDependency */ = {
			isa = PBXTargetDependency;
			target = AA1E252C246256BA00F7B961 /* CoordinatorDemo */;
			targetProxy = AA1E2544246256BD00F7B961 /* PBXContainerItemProxy */;
		};
/* End PBXTargetDependency section */

/* Begin PBXVariantGroup section */
		AA1E2536246256BA00F7B961 /* Main.storyboard */ = {
			isa = PBXVariantGroup;
			children = (
				AA1E2537246256BA00F7B961 /* Base */,
			);
			name = Main.storyboard;
			sourceTree = "<group>";
		};
		AA1E253B246256BD00F7B961 /* LaunchScreen.storyboard */ = {
			isa = PBXVariantGroup;
			children = (
				AA1E253C246256BD00F7B961 /* Base */,
			);
			name = LaunchScreen.storyboard;
			sourceTree = "<group>";
		};
/* End PBXVariantGroup section */

/* Begin XCBuildConfiguration section */
		AA1E254A246256BD00F7B961 /* Debug */ = {
			isa = XCBuildConfiguration;
			buildSettings = {
				ALWAYS_SEARCH_USER_PATHS = NO;
				CLANG_ANALYZER_NONNULL = YES;
				CLANG_ANALYZER_NUMBER_OBJECT_CONVERSION = YES_AGGRESSIVE;
				CLANG_CXX_LANGUAGE_STANDARD = "gnu++14";
				CLANG_CXX_LIBRARY = "libc++";
				CLANG_ENABLE_MODULES = YES;
				CLANG_ENABLE_OBJC_ARC = YES;
				CLANG_ENABLE_OBJC_WEAK = YES;
				CLANG_WARN_BLOCK_CAPTURE_AUTORELEASING = YES;
				CLANG_WARN_BOOL_CONVERSION = YES;
				CLANG_WARN_COMMA = YES;
				CLANG_WARN_CONSTANT_CONVERSION = YES;
				CLANG_WARN_DEPRECATED_OBJC_IMPLEMENTATIONS = YES;
				CLANG_WARN_DIRECT_OBJC_ISA_USAGE = YES_ERROR;
				CLANG_WARN_DOCUMENTATION_COMMENTS = YES;
				CLANG_WARN_EMPTY_BODY = YES;
				CLANG_WARN_ENUM_CONVERSION = YES;
				CLANG_WARN_INFINITE_RECURSION = YES;
				CLANG_WARN_INT_CONVERSION = YES;
				CLANG_WARN_NON_LITERAL_NULL_CONVERSION = YES;
				CLANG_WARN_OBJC_IMPLICIT_RETAIN_SELF = YES;
				CLANG_WARN_OBJC_LITERAL_CONVERSION = YES;
				CLANG_WARN_OBJC_ROOT_CLASS = YES_ERROR;
				CLANG_WARN_RANGE_LOOP_ANALYSIS = YES;
				CLANG_WARN_STRICT_PROTOTYPES = YES;
				CLANG_WARN_SUSPICIOUS_MOVE = YES;
				CLANG_WARN_UNGUARDED_AVAILABILITY = YES_AGGRESSIVE;
				CLANG_WARN_UNREACHABLE_CODE = YES;
				CLANG_WARN__DUPLICATE_METHOD_MATCH = YES;
				COPY_PHASE_STRIP = NO;
				DEBUG_INFORMATION_FORMAT = dwarf;
				ENABLE_STRICT_OBJC_MSGSEND = YES;
				ENABLE_TESTABILITY = YES;
				GCC_C_LANGUAGE_STANDARD = gnu11;
				GCC_DYNAMIC_NO_PIC = NO;
				GCC_NO_COMMON_BLOCKS = YES;
				GCC_OPTIMIZATION_LEVEL = 0;
				GCC_PREPROCESSOR_DEFINITIONS = (
					"DEBUG=1",
					"$(inherited)",
				);
				GCC_WARN_64_TO_32_BIT_CONVERSION = YES;
				GCC_WARN_ABOUT_RETURN_TYPE = YES_ERROR;
				GCC_WARN_UNDECLARED_SELECTOR = YES;
				GCC_WARN_UNINITIALIZED_AUTOS = YES_AGGRESSIVE;
				GCC_WARN_UNUSED_FUNCTION = YES;
				GCC_WARN_UNUSED_VARIABLE = YES;
				IPHONEOS_DEPLOYMENT_TARGET = 13.4;
				MTL_ENABLE_DEBUG_INFO = INCLUDE_SOURCE;
				MTL_FAST_MATH = YES;
				ONLY_ACTIVE_ARCH = YES;
				SDKROOT = iphoneos;
				SWIFT_ACTIVE_COMPILATION_CONDITIONS = DEBUG;
				SWIFT_OPTIMIZATION_LEVEL = "-Onone";
			};
			name = Debug;
		};
		AA1E254B246256BD00F7B961 /* Release */ = {
			isa = XCBuildConfiguration;
			buildSettings = {
				ALWAYS_SEARCH_USER_PATHS = NO;
				CLANG_ANALYZER_NONNULL = YES;
				CLANG_ANALYZER_NUMBER_OBJECT_CONVERSION = YES_AGGRESSIVE;
				CLANG_CXX_LANGUAGE_STANDARD = "gnu++14";
				CLANG_CXX_LIBRARY = "libc++";
				CLANG_ENABLE_MODULES = YES;
				CLANG_ENABLE_OBJC_ARC = YES;
				CLANG_ENABLE_OBJC_WEAK = YES;
				CLANG_WARN_BLOCK_CAPTURE_AUTORELEASING = YES;
				CLANG_WARN_BOOL_CONVERSION = YES;
				CLANG_WARN_COMMA = YES;
				CLANG_WARN_CONSTANT_CONVERSION = YES;
				CLANG_WARN_DEPRECATED_OBJC_IMPLEMENTATIONS = YES;
				CLANG_WARN_DIRECT_OBJC_ISA_USAGE = YES_ERROR;
				CLANG_WARN_DOCUMENTATION_COMMENTS = YES;
				CLANG_WARN_EMPTY_BODY = YES;
				CLANG_WARN_ENUM_CONVERSION = YES;
				CLANG_WARN_INFINITE_RECURSION = YES;
				CLANG_WARN_INT_CONVERSION = YES;
				CLANG_WARN_NON_LITERAL_NULL_CONVERSION = YES;
				CLANG_WARN_OBJC_IMPLICIT_RETAIN_SELF = YES;
				CLANG_WARN_OBJC_LITERAL_CONVERSION = YES;
				CLANG_WARN_OBJC_ROOT_CLASS = YES_ERROR;
				CLANG_WARN_RANGE_LOOP_ANALYSIS = YES;
				CLANG_WARN_STRICT_PROTOTYPES = YES;
				CLANG_WARN_SUSPICIOUS_MOVE = YES;
				CLANG_WARN_UNGUARDED_AVAILABILITY = YES_AGGRESSIVE;
				CLANG_WARN_UNREACHABLE_CODE = YES;
				CLANG_WARN__DUPLICATE_METHOD_MATCH = YES;
				COPY_PHASE_STRIP = NO;
				DEBUG_INFORMATION_FORMAT = "dwarf-with-dsym";
				ENABLE_NS_ASSERTIONS = NO;
				ENABLE_STRICT_OBJC_MSGSEND = YES;
				GCC_C_LANGUAGE_STANDARD = gnu11;
				GCC_NO_COMMON_BLOCKS = YES;
				GCC_WARN_64_TO_32_BIT_CONVERSION = YES;
				GCC_WARN_ABOUT_RETURN_TYPE = YES_ERROR;
				GCC_WARN_UNDECLARED_SELECTOR = YES;
				GCC_WARN_UNINITIALIZED_AUTOS = YES_AGGRESSIVE;
				GCC_WARN_UNUSED_FUNCTION = YES;
				GCC_WARN_UNUSED_VARIABLE = YES;
				IPHONEOS_DEPLOYMENT_TARGET = 13.4;
				MTL_ENABLE_DEBUG_INFO = NO;
				MTL_FAST_MATH = YES;
				SDKROOT = iphoneos;
				SWIFT_COMPILATION_MODE = wholemodule;
				SWIFT_OPTIMIZATION_LEVEL = "-O";
				VALIDATE_PRODUCT = YES;
			};
			name = Release;
		};
		AA1E254D246256BD00F7B961 /* Debug */ = {
			isa = XCBuildConfiguration;
			buildSettings = {
				ASSETCATALOG_COMPILER_APPICON_NAME = AppIcon;
				CODE_SIGN_STYLE = Automatic;
				DEVELOPMENT_TEAM = D8227R93NF;
				INFOPLIST_FILE = CoordinatorDemo/Info.plist;
				LD_RUNPATH_SEARCH_PATHS = (
					"$(inherited)",
					"@executable_path/Frameworks",
				);
				PRODUCT_BUNDLE_IDENTIFIER = com.mostlyzeros.CoordinatorDemo;
				PRODUCT_NAME = "$(TARGET_NAME)";
				SWIFT_VERSION = 5.0;
				TARGETED_DEVICE_FAMILY = "1,2";
			};
			name = Debug;
		};
		AA1E254E246256BD00F7B961 /* Release */ = {
			isa = XCBuildConfiguration;
			buildSettings = {
				ASSETCATALOG_COMPILER_APPICON_NAME = AppIcon;
				CODE_SIGN_STYLE = Automatic;
				DEVELOPMENT_TEAM = D8227R93NF;
				INFOPLIST_FILE = CoordinatorDemo/Info.plist;
				LD_RUNPATH_SEARCH_PATHS = (
					"$(inherited)",
					"@executable_path/Frameworks",
				);
				PRODUCT_BUNDLE_IDENTIFIER = com.mostlyzeros.CoordinatorDemo;
				PRODUCT_NAME = "$(TARGET_NAME)";
				SWIFT_VERSION = 5.0;
				TARGETED_DEVICE_FAMILY = "1,2";
			};
			name = Release;
		};
		AA1E2550246256BD00F7B961 /* Debug */ = {
			isa = XCBuildConfiguration;
			buildSettings = {
				ALWAYS_EMBED_SWIFT_STANDARD_LIBRARIES = YES;
				BUNDLE_LOADER = "$(TEST_HOST)";
				CODE_SIGN_STYLE = Automatic;
				DEVELOPMENT_TEAM = D8227R93NF;
				INFOPLIST_FILE = CoordinatorDemoTests/Info.plist;
				IPHONEOS_DEPLOYMENT_TARGET = 13.4;
				LD_RUNPATH_SEARCH_PATHS = (
					"$(inherited)",
					"@executable_path/Frameworks",
					"@loader_path/Frameworks",
				);
				PRODUCT_BUNDLE_IDENTIFIER = com.mostlyzeros.CoordinatorDemoTests;
				PRODUCT_NAME = "$(TARGET_NAME)";
				SWIFT_VERSION = 5.0;
				TARGETED_DEVICE_FAMILY = "1,2";
				TEST_HOST = "$(BUILT_PRODUCTS_DIR)/CoordinatorDemo.app/CoordinatorDemo";
			};
			name = Debug;
		};
		AA1E2551246256BD00F7B961 /* Release */ = {
			isa = XCBuildConfiguration;
			buildSettings = {
				ALWAYS_EMBED_SWIFT_STANDARD_LIBRARIES = YES;
				BUNDLE_LOADER = "$(TEST_HOST)";
				CODE_SIGN_STYLE = Automatic;
				DEVELOPMENT_TEAM = D8227R93NF;
				INFOPLIST_FILE = CoordinatorDemoTests/Info.plist;
				IPHONEOS_DEPLOYMENT_TARGET = 13.4;
				LD_RUNPATH_SEARCH_PATHS = (
					"$(inherited)",
					"@executable_path/Frameworks",
					"@loader_path/Frameworks",
				);
				PRODUCT_BUNDLE_IDENTIFIER = com.mostlyzeros.CoordinatorDemoTests;
				PRODUCT_NAME = "$(TARGET_NAME)";
				SWIFT_VERSION = 5.0;
				TARGETED_DEVICE_FAMILY = "1,2";
				TEST_HOST = "$(BUILT_PRODUCTS_DIR)/CoordinatorDemo.app/CoordinatorDemo";
			};
			name = Release;
		};
/* End XCBuildConfiguration section */

/* Begin XCConfigurationList section */
		AA1E2528246256BA00F7B961 /* Build configuration list for PBXProject "CoordinatorDemo" */ = {
			isa = XCConfigurationList;
			buildConfigurations = (
				AA1E254A246256BD00F7B961 /* Debug */,
				AA1E254B246256BD00F7B961 /* Release */,
			);
			defaultConfigurationIsVisible = 0;
			defaultConfigurationName = Release;
		};
		AA1E254C246256BD00F7B961 /* Build configuration list for PBXNativeTarget "CoordinatorDemo" */ = {
			isa = XCConfigurationList;
			buildConfigurations = (
				AA1E254D246256BD00F7B961 /* Debug */,
				AA1E254E246256BD00F7B961 /* Release */,
			);
			defaultConfigurationIsVisible = 0;
			defaultConfigurationName = Release;
		};
		AA1E254F246256BD00F7B961 /* Build configuration list for PBXNativeTarget "CoordinatorDemoTests" */ = {
			isa = XCConfigurationList;
			buildConfigurations = (
				AA1E2550246256BD00F7B961 /* Debug */,
				AA1E2551246256BD00F7B961 /* Release */,
			);
			defaultConfigurationIsVisible = 0;
			defaultConfigurationName = Release;
		};
/* End XCConfigurationList section */
	};
	rootObject = AA1E2525246256BA00F7B961 /* Project object */;
}
